lockfileVersion: '9.0'

settings:
  autoInstallPeers: true
  excludeLinksFromLockfile: false

importers:

  .:
    dependencies:
      ulidx:
        specifier: ^2.3.0
        version: 2.3.0
    devDependencies:
      elysia:
        specifier: ^1.1.17
        version: 1.1.17(@sinclair/typebox@0.32.34)(typescript@5.5.3)
      typescript:
        specifier: ^5.5.3
        version: 5.5.3

packages:

  '@sinclair/typebox@0.32.34':
    resolution: {integrity: sha512-a3Z3ytYl6R/+7ldxx04PO1semkwWlX/8pTqxsPw4quIcIXDFPZhOc1Wx8azWmkU26ccK3mHwcWenn0avNgAKQg==}

  cookie@0.6.0:
    resolution: {integrity: sha512-U71cyTamuh1CRNCfpGY6to28lxvNwPG4Guz/EVjgf3Jmzv0vlDp1atT9eS5dDjMYHucpHbWns6Lwf3BKz6svdw==}
    engines: {node: '>= 0.6'}

  elysia@1.1.17:
    resolution: {integrity: sha512-6BMdPp7gAj1CbKmDy1PwEUV3dIrwBSKSwqXj1T0Wh4bWEhAT9IIpxTN6a3e5ZynbBq3N8tqmwz7XSSW39U+JVA==}
    peerDependencies:
      '@sinclair/typebox': '>= 0.32.0'
      openapi-types: '>= 12.0.0'
      typescript: '>= 5.0.0'
    peerDependenciesMeta:
      openapi-types:
        optional: true
      typescript:
        optional: true

  fast-decode-uri-component@1.0.1:
    resolution: {integrity: sha512-WKgKWg5eUxvRZGwW8FvfbaH7AXSh2cL+3j5fMGzUMCxWBJ3dV3a7Wz8y2f/uQ0e3B6WmodD3oS54jTQ9HVTIIg==}

  layerr@2.1.0:
    resolution: {integrity: sha512-xDD9suWxfBYeXgqffRVH/Wqh+mqZrQcqPRn0I0ijl7iJQ7vu8gMGPt1Qop59pEW/jaIDNUN7+PX1Qk40+vuflg==}

  typescript@5.5.3:
    resolution: {integrity: sha512-/hreyEujaB0w76zKo6717l3L0o/qEUtRgdvUBvlkhoWeOVMjMuHNHk0BRBzikzuGDqNmPQbg5ifMEqsHLiIUcQ==}
    engines: {node: '>=14.17'}
    hasBin: true

  ulidx@2.3.0:
    resolution: {integrity: sha512-36piWNqcdp9hKlQewyeehCaALy4lyx3FodsCxHuV6i0YdexSkjDOubwxEVr2yi4kh62L/0MgyrxqG4K+qtovnw==}
    engines: {node: '>=16'}

snapshots:

  '@sinclair/typebox@0.32.34': {}

  cookie@0.6.0: {}

  elysia@1.1.17(@sinclair/typebox@0.32.34)(typescript@5.5.3):
    dependencies:
      '@sinclair/typebox': 0.32.34
      cookie: 0.6.0
      fast-decode-uri-component: 1.0.1
    optionalDependencies:
      typescript: 5.5.3

  fast-decode-uri-component@1.0.1: {}

  layerr@2.1.0: {}

  typescript@5.5.3: {}

  ulidx@2.3.0:
    dependencies:
      layerr: 2.1.0
